# THIS IS AN AUTOGENERATED FILE. DO NOT EDIT THIS FILE DIRECTLY.
# yarn lockfile v1


"@nestjs/common@^7.0.11":
  version "7.0.13"
  resolved "https://indigoag.jfrog.io/indigoag/api/npm/npm/@nestjs/common/-/common-7.0.13.tgz#7effc4c0a00307121151547fe8f7e9ea10d0c256"
  integrity sha1-fv/EwKADBxIRUVR/6Pfp6hDQwlY=
  dependencies:
    axios "0.19.2"
    cli-color "2.0.0"
    iterare "1.2.0"
    tslib "1.11.2"
    uuid "8.0.0"

"@nestjs/core@^7.0.11":
  version "7.0.13"
  resolved "https://indigoag.jfrog.io/indigoag/api/npm/npm/@nestjs/core/-/core-7.0.13.tgz#bcb437a4b5fed109083d90534056d1744189f0a4"
  integrity sha1-vLQ3pLX+0QkIPZBTQFbRdEGJ8KQ=
  dependencies:
    "@nuxtjs/opencollective" "0.2.2"
    fast-safe-stringify "2.0.7"
    iterare "1.2.0"
    object-hash "2.0.3"
    path-to-regexp "3.2.0"
    tslib "1.11.2"
    uuid "8.0.0"

"@nestjs/testing@^7.0.11":
  version "7.3.2"
  resolved "https://registry.yarnpkg.com/@nestjs/testing/-/testing-7.3.2.tgz#5ee7c9fad7efac0cf92e8bf328628edfd906fa1f"
  integrity sha512-hkk/Ew9aseQtTTCGLnAWO05hy4Yq19nM+gI9d5SLiZVFES3iPGdXBJT3aDw0LLfi1K7LNMKbkdNkaFowilCmIg==
  dependencies:
    optional "0.1.4"
    tslib "2.0.0"

"@nuxtjs/opencollective@0.2.2":
  version "0.2.2"
  resolved "https://indigoag.jfrog.io/indigoag/api/npm/npm/@nuxtjs/opencollective/-/opencollective-0.2.2.tgz#26a761ebf588cc92a422d7cee996a66bd6e2761e"
  integrity sha1-Jqdh6/WIzJKkItfO6Zama9bidh4=
  dependencies:
    chalk "^2.4.1"
    consola "^2.3.0"
    node-fetch "^2.3.0"

"@types/bluebird@^3.5.30":
  version "3.5.32"
  resolved "https://registry.yarnpkg.com/@types/bluebird/-/bluebird-3.5.32.tgz#381e7b59e39f010d20bbf7e044e48f5caf1ab620"
  integrity sha512-dIOxFfI0C+jz89g6lQ+TqhGgPQ0MxSnh/E4xuC0blhFtyW269+mPG5QeLgbdwst/LvdP8o1y0o/Gz5EHXLec/g==

"@types/ramda@^0.27.4":
  version "0.27.11"
  resolved "https://registry.yarnpkg.com/@types/ramda/-/ramda-0.27.11.tgz#a2efedc1fecc0faa2d3530eb53cf468e219f7c51"
  integrity sha512-pojA0+wBhjMWfwZ1tAea/OdUqZxaRQOi/vHldthrOIEPdRQdJb/hvU4yM1uHKGTT89ZZpxe43KM1sq5YGxS5lw==
  dependencies:
    ts-toolbelt "^6.3.3"

bluebird@^3.7.2:
  version "3.7.2"
  resolved "https://registry.yarnpkg.com/bluebird/-/bluebird-3.7.2.tgz#9f229c15be272454ffa973ace0dbee79a1b0c36f"
  integrity sha512-XpNj6GDQzdfW+r2Wnn7xiSAd7TM3jzkxGXBGTtWKuSXv1xUV+azxAm8jdWZN06QTQk+2N2XB9jRDkvbmQmcRtg==

optional@0.1.4:
  version "0.1.4"
  resolved "https://registry.yarnpkg.com/optional/-/optional-0.1.4.tgz#cdb1a9bedc737d2025f690ceeb50e049444fd5b3"
  integrity sha512-gtvrrCfkE08wKcgXaVwQVgwEQ8vel2dc5DDBn9RLQZ3YtmtkBss6A2HY6BnJH4N/4Ku97Ri/SF8sNWE2225WJw==

reflect-metadata@^0.1.13:
  version "0.1.13"
  resolved "https://registry.yarnpkg.com/reflect-metadata/-/reflect-metadata-0.1.13.tgz#67ae3ca57c972a2aa1642b10fe363fe32d49dc08"
  integrity sha512-Ts1Y/anZELhSsjMcU605fU9RE4Oi3p5ORujwbIKXfWa+0Zxs510Qrmrce5/Jowq3cHSZSJqBjypxmHarc+vEWg==

"readable-stream@1.x >=1.1.9":
  version "1.1.14"
  resolved "https://indigoag.jfrog.io/indigoag/api/npm/npm/readable-stream/-/readable-stream-1.1.14.tgz#7cf4c54ef648e3813084c636dd2079e166c081d9"
  integrity sha1-fPTFTvZI44EwhMY23SB54WbAgdk=
  dependencies:
    core-util-is "~1.0.0"
    inherits "~2.0.1"
    isarray "0.0.1"
    string_decoder "~0.10.x"

"readable-stream@> 1.0.0 < 3.0.0", readable-stream@^2.0.0, readable-stream@^2.0.1, readable-stream@^2.1.5, readable-stream@^2.2.2, readable-stream@^2.3.3, readable-stream@^2.3.5, readable-stream@^2.3.6, readable-stream@~2.3.6:
  version "2.3.7"
  resolved "https://indigoag.jfrog.io/indigoag/api/npm/npm/readable-stream/-/readable-stream-2.3.7.tgz#1eca1cf711aef814c04f62252a36a62f6cb23b57"
  integrity sha1-Hsoc9xGu+BTAT2IlKjamL2yyO1c=
  dependencies:
    core-util-is "~1.0.0"
    inherits "~2.0.3"
    isarray "~1.0.0"
    process-nextick-args "~2.0.0"
    safe-buffer "~5.1.1"
    string_decoder "~1.1.1"
    util-deprecate "~1.0.1"

readable-stream@^3.0.0:
  version "3.6.0"
  resolved "https://indigoag.jfrog.io/indigoag/api/npm/npm/readable-stream/-/readable-stream-3.6.0.tgz#337bbda3adc0706bd3e024426a286d4b4b2c9198"
  integrity sha1-M3u9o63AcGvT4CRCaihtS0sskZg=
  dependencies:
    inherits "^2.0.3"
    string_decoder "^1.1.1"
    util-deprecate "^1.0.1"

redis-commands@^1.5.0:
  version "1.5.0"
  resolved "https://indigoag.jfrog.io/indigoag/api/npm/npm/redis-commands/-/redis-commands-1.5.0.tgz#80d2e20698fe688f227127ff9e5164a7dd17e785"
  integrity sha1-gNLiBpj+aI8icSf/nlFkp90X54U=

redis-errors@^1.0.0, redis-errors@^1.2.0:
  version "1.2.0"
  resolved "https://indigoag.jfrog.io/indigoag/api/npm/npm/redis-errors/-/redis-errors-1.2.0.tgz#eb62d2adb15e4eaf4610c04afe1529384250abad"
  integrity sha1-62LSrbFeTq9GEMBK/hUpOEJQq60=

redis-parser@^3.0.0:
  version "3.0.0"
  resolved "https://indigoag.jfrog.io/indigoag/api/npm/npm/redis-parser/-/redis-parser-3.0.0.tgz#b66d828cdcafe6b4b8a428a7def4c6bcac31c8b4"
  integrity sha1-tm2CjNyv5rS4pCin3vTGvKwxyLQ=
  dependencies:
    redis-errors "^1.0.0"

redis@^3.0.2:
  version "3.0.2"
  resolved "https://indigoag.jfrog.io/indigoag/api/npm/npm/redis/-/redis-3.0.2.tgz#bd47067b8a4a3e6a2e556e57f71cc82c7360150a"
  integrity sha1-vUcGe4pKPmouVW5X9xzILHNgFQo=
  dependencies:
    denque "^1.4.1"
    redis-commands "^1.5.0"
    redis-errors "^1.2.0"
    redis-parser "^3.0.0"

reflect-metadata@^0.1.13:
  version "0.1.13"
  resolved "https://indigoag.jfrog.io/indigoag/api/npm/npm/reflect-metadata/-/reflect-metadata-0.1.13.tgz#67ae3ca57c972a2aa1642b10fe363fe32d49dc08"
  integrity sha1-Z648pXyXKiqhZCsQ/jY/4y1J3Ag=

reinterval@^1.1.0:
  version "1.1.0"
  resolved "https://indigoag.jfrog.io/indigoag/api/npm/npm/reinterval/-/reinterval-1.1.0.tgz#3361ecfa3ca6c18283380dd0bb9546f390f5ece7"
  integrity sha1-M2Hs+jymwYKDOA3Qu5VG85D17Oc=

remove-trailing-separator@^1.0.1:
  version "1.1.0"
  resolved "https://indigoag.jfrog.io/indigoag/api/npm/npm/remove-trailing-separator/-/remove-trailing-separator-1.1.0.tgz#c24bce2a283adad5bc3f58e0d48249b92379d8ef"
  integrity sha1-wkvOKig62tW8P1jg1IJJuSN52O8=

requires-port@^1.0.0:
  version "1.0.0"
  resolved "https://indigoag.jfrog.io/indigoag/api/npm/npm/requires-port/-/requires-port-1.0.0.tgz#925d2601d39ac485e091cf0da5c6e694dc3dcaff"
  integrity sha1-kl0mAdOaxIXgkc8NpcbmlNw9yv8=

rxjs@^6.5.5:
  version "6.5.5"
  resolved "https://indigoag.jfrog.io/indigoag/api/npm/npm/rxjs/-/rxjs-6.5.5.tgz#c5c884e3094c8cfee31bf27eb87e54ccfc87f9ec"
  integrity sha1-xciE4wlMjP7jG/J+uH5UzPyH+ew=
  dependencies:
    tslib "^1.9.0"

safe-buffer@^5.1.1, safe-buffer@^5.1.2, safe-buffer@~5.2.0:
  version "5.2.1"
  resolved "https://indigoag.jfrog.io/indigoag/api/npm/npm/safe-buffer/-/safe-buffer-5.2.1.tgz#1eaf9fa9bdb1fdd4ec75f58f9cdb4e6b7827eec6"
  integrity sha1-Hq+fqb2x/dTsdfWPnNtOa3gn7sY=

safe-buffer@~5.1.0, safe-buffer@~5.1.1, safe-buffer@~5.1.2:
  version "5.1.2"
  resolved "https://indigoag.jfrog.io/indigoag/api/npm/npm/safe-buffer/-/safe-buffer-5.1.2.tgz#991ec69d296e0313747d59bdfd2b745c35f8828d"
  integrity sha1-mR7GnSluAxN0fVm9/St0XDX4go0=

split2@^3.1.0:
  version "3.1.1"
  resolved "https://indigoag.jfrog.io/indigoag/api/npm/npm/split2/-/split2-3.1.1.tgz#c51f18f3e06a8c4469aaab487687d8d956160bb6"
  integrity sha1-xR8Y8+BqjERpqqtIdofY2VYWC7Y=
  dependencies:
    readable-stream "^3.0.0"

stream-shift@^1.0.0:
  version "1.0.1"
  resolved "https://indigoag.jfrog.io/indigoag/api/npm/npm/stream-shift/-/stream-shift-1.0.1.tgz#d7088281559ab2778424279b0877da3c392d5a3d"
  integrity sha1-1wiCgVWasneEJCebCHfaPDktWj0=

string_decoder@^1.1.1:
  version "1.3.0"
  resolved "https://indigoag.jfrog.io/indigoag/api/npm/npm/string_decoder/-/string_decoder-1.3.0.tgz#42f114594a46cf1a8e30b0a84f56c78c3edac21e"
  integrity sha1-QvEUWUpGzxqOMLCoT1bHjD7awh4=
  dependencies:
    safe-buffer "~5.2.0"

string_decoder@~0.10.x:
  version "0.10.31"
  resolved "https://indigoag.jfrog.io/indigoag/api/npm/npm/string_decoder/-/string_decoder-0.10.31.tgz#62e203bc41766c6c28c9fc84301dab1c5310fa94"
  integrity sha1-YuIDvEF2bGwoyfyEMB2rHFMQ+pQ=

string_decoder@~1.1.1:
  version "1.1.1"
  resolved "https://indigoag.jfrog.io/indigoag/api/npm/npm/string_decoder/-/string_decoder-1.1.1.tgz#9cf1611ba62685d7030ae9e4ba34149c3af03fc8"
  integrity sha1-nPFhG6YmhdcDCunkujQUnDrwP8g=
  dependencies:
    safe-buffer "~5.1.0"

supports-color@^5.3.0:
  version "5.5.0"
  resolved "https://indigoag.jfrog.io/indigoag/api/npm/npm/supports-color/-/supports-color-5.5.0.tgz#e2e69a44ac8772f78a1ec0b35b689df6530efc8f"
  integrity sha1-4uaaRKyHcveKHsCzW2id9lMO/I8=
  dependencies:
    has-flag "^3.0.0"

through2-filter@^3.0.0:
  version "3.0.0"
  resolved "https://indigoag.jfrog.io/indigoag/api/npm/npm/through2-filter/-/through2-filter-3.0.0.tgz#700e786df2367c2c88cd8aa5be4cf9c1e7831254"
  integrity sha1-cA54bfI2fCyIzYqlvkz5weeDElQ=
  dependencies:
    through2 "~2.0.0"
    xtend "~4.0.0"

through2@^2.0.1, through2@~2.0.0:
  version "2.0.5"
  resolved "https://indigoag.jfrog.io/indigoag/api/npm/npm/through2/-/through2-2.0.5.tgz#01c1e39eb31d07cb7d03a96a70823260b23132cd"
  integrity sha1-AcHjnrMdB8t9A6lqcIIyYLIxMs0=
  dependencies:
    readable-stream "~2.3.6"
    xtend "~4.0.1"

timers-ext@^0.1.5, timers-ext@^0.1.7:
  version "0.1.7"
  resolved "https://indigoag.jfrog.io/indigoag/api/npm/npm/timers-ext/-/timers-ext-0.1.7.tgz#6f57ad8578e07a3fb9f91d9387d65647555e25c6"
  integrity sha1-b1ethXjgej+5+R2Th9ZWR1VeJcY=
  dependencies:
    es5-ext "~0.10.46"
    next-tick "1"

to-absolute-glob@^2.0.0:
  version "2.0.2"
  resolved "https://indigoag.jfrog.io/indigoag/api/npm/npm/to-absolute-glob/-/to-absolute-glob-2.0.2.tgz#1865f43d9e74b0822db9f145b78cff7d0f7c849b"
  integrity sha1-GGX0PZ50sIItufFFt4z/fQ98hJs=
  dependencies:
    is-absolute "^1.0.0"
    is-negated-glob "^1.0.0"

ts-nkeys@^1.0.16:
  version "1.0.16"
  resolved "https://indigoag.jfrog.io/indigoag/api/npm/npm/ts-nkeys/-/ts-nkeys-1.0.16.tgz#b0c6e7c4f16f976c7e7ddb6982fc789a2f971248"
  integrity sha1-sMbnxPFvl2x+fdtpgvx4mi+XEkg=
  dependencies:
    tweetnacl "^1.0.3"

ts-toolbelt@^6.3.3:
  version "6.13.6"
  resolved "https://registry.yarnpkg.com/ts-toolbelt/-/ts-toolbelt-6.13.6.tgz#4c9fad69bb3389323fe60982f18cd06b72f7d42a"
  integrity sha512-qqIexrhqCNOuSRCrJMOKor8UJxA4DYMB6fNpBmRAKJgmLXNj8TAiuCrs7Nm08fva+MEdQhEXmsnjBQarNSIWZg==

tslib@2.0.0:
  version "2.0.0"
  resolved "https://registry.yarnpkg.com/tslib/-/tslib-2.0.0.tgz#18d13fc2dce04051e20f074cc8387fd8089ce4f3"
  integrity sha512-lTqkx847PI7xEDYJntxZH89L2/aXInsyF2luSafe/+0fHOMjlBNXdH6th7f70qxLDhul7KZK0zC8V5ZIyHl0/g==

uuid@^8.2.0:
  version "8.2.0"
  resolved "https://registry.yarnpkg.com/uuid/-/uuid-8.2.0.tgz#cb10dd6b118e2dada7d0cd9730ba7417c93d920e"
  integrity sha512-CYpGiFTUrmI6OBMkAdjSDM0k5h8SkkiTP4WAjQgDgNB1S3Ou9VBEvr6q0Kv2H1mMk7IWfxYGpMH5sd5AvcIV2Q==
