# THIS IS AN AUTOGENERATED FILE. DO NOT EDIT THIS FILE DIRECTLY.
# yarn lockfile v1


"@nestjs/testing@8.2.4":
  version "8.2.4"
  resolved "https://registry.yarnpkg.com/@nestjs/testing/-/testing-8.2.4.tgz#75619de2d362c8ea2a346f1ef14457e875840dc5"
  integrity sha512-kRpLbb/y4TFzqP7iuQd3qiCg+auwdnj4qWeBDIW5ugqdnfCjgk/TzlbeTZF08mPYyjvHscg+0bMHri6r0Pm3sQ==
  dependencies:
    optional "0.1.4"
    tslib "2.3.1"

"@types/bluebird@^3.5.30":
  version "3.5.32"
  resolved "https://registry.yarnpkg.com/@types/bluebird/-/bluebird-3.5.32.tgz#381e7b59e39f010d20bbf7e044e48f5caf1ab620"
  integrity sha512-dIOxFfI0C+jz89g6lQ+TqhGgPQ0MxSnh/E4xuC0blhFtyW269+mPG5QeLgbdwst/LvdP8o1y0o/Gz5EHXLec/g==

"@types/ramda@^0.27.4":
  version "0.27.11"
  resolved "https://registry.yarnpkg.com/@types/ramda/-/ramda-0.27.11.tgz#a2efedc1fecc0faa2d3530eb53cf468e219f7c51"
  integrity sha512-pojA0+wBhjMWfwZ1tAea/OdUqZxaRQOi/vHldthrOIEPdRQdJb/hvU4yM1uHKGTT89ZZpxe43KM1sq5YGxS5lw==
  dependencies:
    ts-toolbelt "^6.3.3"

bluebird@^3.7.2:
  version "3.7.2"
  resolved "https://registry.yarnpkg.com/bluebird/-/bluebird-3.7.2.tgz#9f229c15be272454ffa973ace0dbee79a1b0c36f"
  integrity sha512-XpNj6GDQzdfW+r2Wnn7xiSAd7TM3jzkxGXBGTtWKuSXv1xUV+azxAm8jdWZN06QTQk+2N2XB9jRDkvbmQmcRtg==

optional@0.1.4:
  version "0.1.4"
  resolved "https://registry.yarnpkg.com/optional/-/optional-0.1.4.tgz#cdb1a9bedc737d2025f690ceeb50e049444fd5b3"
  integrity sha512-gtvrrCfkE08wKcgXaVwQVgwEQ8vel2dc5DDBn9RLQZ3YtmtkBss6A2HY6BnJH4N/4Ku97Ri/SF8sNWE2225WJw==

ramda@^0.27.0:
  version "0.27.1"
  resolved "https://registry.yarnpkg.com/ramda/-/ramda-0.27.1.tgz#66fc2df3ef873874ffc2da6aa8984658abacf5c9"
  integrity sha512-PgIdVpn5y5Yns8vqb8FzBUEYn98V3xcPgawAkkgj0YJ0qDsnHCiNmZYfOGMgOvoB0eWFLpYbhxUR3mxfDIMvpw==

reflect-metadata@^0.1.13:
  version "0.1.13"
  resolved "https://indigoag.jfrog.io/indigoag/api/npm/npm/reflect-metadata/-/reflect-metadata-0.1.13.tgz#67ae3ca57c972a2aa1642b10fe363fe32d49dc08"
  integrity sha1-Z648pXyXKiqhZCsQ/jY/4y1J3Ag=

ts-toolbelt@^6.3.3:
  version "6.13.6"
  resolved "https://registry.yarnpkg.com/ts-toolbelt/-/ts-toolbelt-6.13.6.tgz#4c9fad69bb3389323fe60982f18cd06b72f7d42a"
  integrity sha512-qqIexrhqCNOuSRCrJMOKor8UJxA4DYMB6fNpBmRAKJgmLXNj8TAiuCrs7Nm08fva+MEdQhEXmsnjBQarNSIWZg==

tslib@2.3.1:
  version "2.3.1"
  resolved "https://registry.yarnpkg.com/tslib/-/tslib-2.3.1.tgz#e8a335add5ceae51aa261d32a490158ef042ef01"
  integrity sha512-77EbyPPpMz+FRFRuAFlWMtmgUWGe9UOG2Z25NqCwiIjRhOf5iKGuzSe5P2w1laq+FkRy4p+PCuVkJSGkzTEKVw==

uuid@^8.2.0:
  version "8.2.0"
  resolved "https://registry.yarnpkg.com/uuid/-/uuid-8.2.0.tgz#cb10dd6b118e2dada7d0cd9730ba7417c93d920e"
  integrity sha512-CYpGiFTUrmI6OBMkAdjSDM0k5h8SkkiTP4WAjQgDgNB1S3Ou9VBEvr6q0Kv2H1mMk7IWfxYGpMH5sd5AvcIV2Q==
