# THIS IS AN AUTOGENERATED FILE. DO NOT EDIT THIS FILE DIRECTLY.
# yarn lockfile v1


"@nestjs/testing@^6.10.14":
  version "6.10.14"
  resolved "https://registry.yarnpkg.com/@nestjs/testing/-/testing-6.10.14.tgz#f78b92821a35fc1f3acd96e734994856bb15a185"
  integrity sha512-jKzT9eAIJ6xeYXd/Jxtr7lgcixqq6ArNFnzhlM7FeHe/24wFBfWLfTCHe1GJoUo381Y5tPYw3pDr4yELp/Vo9Q==
  dependencies:
    optional "0.1.4"

"@types/bluebird@^3.5.29":
  version "3.5.29"
  resolved "https://registry.yarnpkg.com/@types/bluebird/-/bluebird-3.5.29.tgz#7cd933c902c4fc83046517a1bef973886d00bdb6"
  integrity sha512-kmVtnxTuUuhCET669irqQmPAez4KFnFVKvpleVRyfC3g+SHD1hIkFZcWLim9BVcwUBLO59o8VZE4yGCmTif8Yw==

"@types/ramda@^0.26.40":
  version "0.26.40"
  resolved "https://registry.yarnpkg.com/@types/ramda/-/ramda-0.26.40.tgz#4fbd3bd6a8583e2aa0830b8942fbace44ecd070a"
  integrity sha512-CUmROm0dxHfg5wcB/n1+sEJQxvmdOhJiZiIcCKgWVi1Hd6ffhG6BE0Ej4nHe2vfKGTOkqcTNBjdVfLTJdlH6Hw==
  dependencies:
    ts-toolbelt "^4.12.0"

optional@0.1.4:
  version "0.1.4"
  resolved "https://registry.yarnpkg.com/optional/-/optional-0.1.4.tgz#cdb1a9bedc737d2025f690ceeb50e049444fd5b3"
  integrity sha512-gtvrrCfkE08wKcgXaVwQVgwEQ8vel2dc5DDBn9RLQZ3YtmtkBss6A2HY6BnJH4N/4Ku97Ri/SF8sNWE2225WJw==

ramda@^0.26.1:
  version "0.26.1"
  resolved "https://registry.yarnpkg.com/ramda/-/ramda-0.26.1.tgz#8d41351eb8111c55353617fc3bbffad8e4d35d06"
  integrity sha512-hLWjpy7EnsDBb0p+Z3B7rPi3GDeRG5ZtiI33kJhTt+ORCd38AbAIjB/9zRIUoeTbE/AVX5ZkU7m6bznsvrf8eQ==

ts-toolbelt@^4.12.0:
  version "4.14.6"
  resolved "https://registry.yarnpkg.com/ts-toolbelt/-/ts-toolbelt-4.14.6.tgz#9a232f62276caeee4fa9e81e0c4bffa047de0765"
  integrity sha512-SONcnRd93+LuYGfn/CZg5A5qhCODohZslAVZKHHu5bnwUxoXLqd2k2VIdwRUXYfKnY+UCeNbI2pTPz+Dno6Mpg==

uuid@^3.4.0:
  version "3.4.0"
  resolved "https://registry.yarnpkg.com/uuid/-/uuid-3.4.0.tgz#b23e4358afa8a202fe7a100af1f5f883f02007ee"
  integrity sha512-HjSDRw6gZE5JMggctHBcjVak08+KEVhSIiDzFnT9S9aegmp85S/bReBVTb4QTFaRNptJ9kuYaNhnbNEOkbKb/A==
